
Microsoft Visual Studio Solution File, Format Version 12.00
# Visual Studio Version 16
VisualStudioVersion = 16.0.30011.22
MinimumVisualStudioVersion = 10.0.40219.1
Project("{FAE04EC0-301F-11D3-BF4B-00C04F79EFBC}") = "FundooNotes", "FundooNotes\FundooNotes.csproj", "{B5B65218-A499-40B2-B397-B19E7F734703}"
EndProject
Project("{9A19103F-16F7-4668-BE54-9A1E7A4F7556}") = "FundooModels", "Common\FundooModels.csproj", "{84AF53C8-EB77-4416-BDD0-025386B13833}"
EndProject
Project("{9A19103F-16F7-4668-BE54-9A1E7A4F7556}") = "FundooRepository", "FundooRepository\FundooRepository.csproj", "{0EA067AB-3B8B-49D5-BC29-C058711FD188}"
EndProject
Project("{9A19103F-16F7-4668-BE54-9A1E7A4F7556}") = "FundooManager", "FundooManager\FundooManager.csproj", "{BBD09220-6B72-435C-A3B5-4FFF2B6BF6FA}"
EndProject
Global
	GlobalSection(SolutionConfigurationPlatforms) = preSolution
		Debug|Any CPU = Debug|Any CPU
		Release|Any CPU = Release|Any CPU
	EndGlobalSection
	GlobalSection(ProjectConfigurationPlatforms) = postSolution
		{B5B65218-A499-40B2-B397-B19E7F734703}.Debug|Any CPU.ActiveCfg = Debug|Any CPU
		{B5B65218-A499-40B2-B397-B19E7F734703}.Debug|Any CPU.Build.0 = Debug|Any CPU
		{B5B65218-A499-40B2-B397-B19E7F734703}.Release|Any CPU.ActiveCfg = Release|Any CPU
		{B5B65218-A499-40B2-B397-B19E7F734703}.Release|Any CPU.Build.0 = Release|Any CPU
		{84AF53C8-EB77-4416-BDD0-025386B13833}.Debug|Any CPU.ActiveCfg = Debug|Any CPU
		{84AF53C8-EB77-4416-BDD0-025386B13833}.Debug|Any CPU.Build.0 = Debug|Any CPU
		{84AF53C8-EB77-4416-BDD0-025386B13833}.Release|Any CPU.ActiveCfg = Release|Any CPU
		{84AF53C8-EB77-4416-BDD0-025386B13833}.Release|Any CPU.Build.0 = Release|Any CPU
		{0EA067AB-3B8B-49D5-BC29-C058711FD188}.Debug|Any CPU.ActiveCfg = Debug|Any CPU
		{0EA067AB-3B8B-49D5-BC29-C058711FD188}.Debug|Any CPU.Build.0 = Debug|Any CPU
		{0EA067AB-3B8B-49D5-BC29-C058711FD188}.Release|Any CPU.ActiveCfg = Release|Any CPU
		{0EA067AB-3B8B-49D5-BC29-C058711FD188}.Release|Any CPU.Build.0 = Release|Any CPU
		{BBD09220-6B72-435C-A3B5-4FFF2B6BF6FA}.Debug|Any CPU.ActiveCfg = Debug|Any CPU
		{BBD09220-6B72-435C-A3B5-4FFF2B6BF6FA}.Debug|Any CPU.Build.0 = Debug|Any CPU
		{BBD09220-6B72-435C-A3B5-4FFF2B6BF6FA}.Release|Any CPU.ActiveCfg = Release|Any CPU
		{BBD09220-6B72-435C-A3B5-4FFF2B6BF6FA}.Release|Any CPU.Build.0 = Release|Any CPU
	EndGlobalSection
	GlobalSection(SolutionProperties) = preSolution
		HideSolutionNode = FALSE
	EndGlobalSection
	GlobalSection(ExtensibilityGlobals) = postSolution
		SolutionGuid = {9A25C9DC-7333-4706-BF6B-B1F863378861}
	EndGlobalSection
EndGlobal
